
Microsoft Visual Studio Solution File, Format Version 12.00
# Visual Studio 15
VisualStudioVersion = 15.0.27703.2047
MinimumVisualStudioVersion = 10.0.40219.1
Project("{8BC9CEB8-8B4A-11D0-8D11-00A0C91BC942}") = "vec3", "vec3\vec3.vcxproj", "{665B0015-3C9C-42E9-9634-3C6D064EF4CA}"
EndProject
Global
	GlobalSection(SolutionConfigurationPlatforms) = preSolution
		Debug|x64 = Debug|x64
		Debug|x86 = Debug|x86
		Release|x64 = Release|x64
		Release|x86 = Release|x86
	EndGlobalSection
	GlobalSection(ProjectConfigurationPlatforms) = postSolution
		{665B0015-3C9C-42E9-9634-3C6D064EF4CA}.Debug|x64.ActiveCfg = Debug|x64
		{665B0015-3C9C-42E9-9634-3C6D064EF4CA}.Debug|x64.Build.0 = Debug|x64
		{665B0015-3C9C-42E9-9634-3C6D064EF4CA}.Debug|x86.ActiveCfg = Debug|Win32
		{665B0015-3C9C-42E9-9634-3C6D064EF4CA}.Debug|x86.Build.0 = Debug|Win32
		{665B0015-3C9C-42E9-9634-3C6D064EF4CA}.Release|x64.ActiveCfg = Release|x64
		{665B0015-3C9C-42E9-9634-3C6D064EF4CA}.Release|x64.Build.0 = Release|x64
		{665B0015-3C9C-42E9-9634-3C6D064EF4CA}.Release|x86.ActiveCfg = Release|Win32
		{665B0015-3C9C-42E9-9634-3C6D064EF4CA}.Release|x86.Build.0 = Release|Win32
	EndGlobalSection
	GlobalSection(SolutionProperties) = preSolution
		HideSolutionNode = FALSE
	EndGlobalSection
	GlobalSection(ExtensibilityGlobals) = postSolution
		SolutionGuid = {369725EC-4B14-4D8E-83C2-9D4225FBA953}
	EndGlobalSection
EndGlobal
